// !$*UTF8*$!
{
	archiveVersion = 1;
	classes = {
	};
	objectVersion = 46;
	objects = {
/* Begin PBXBuildFile section */
		0207DA581B56EA530066E2B4 /* Images.xcassets in Resources */ = {isa = PBXBuildFile; fileRef = 0207DA571B56EA530066E2B4 /* Images.xcassets */; };
		1D3623260D0F684500981E51 /* AppDelegate.m in Sources */ = {isa = PBXBuildFile; fileRef = 1D3623250D0F684500981E51 /* AppDelegate.m */; };
		1D60589B0D05DD56006BFB54 /* main.m in Sources */ = {isa = PBXBuildFile; fileRef = 29B97316FDCFA39411CA2CEA /* main.m */; };
		301BF552109A68D80062928A /* libCordova.a in Frameworks */ = {isa = PBXBuildFile; fileRef = 301BF535109A57CC0062928A /* libCordova.a */; };
		302D95F114D2391D003F00A1 /* MainViewController.m in Sources */ = {isa = PBXBuildFile; fileRef = 302D95EF14D2391D003F00A1 /* MainViewController.m */; };
		302D95F214D2391D003F00A1 /* MainViewController.xib in Resources */ = {isa = PBXBuildFile; fileRef = 302D95F014D2391D003F00A1 /* MainViewController.xib */; };
		3047A5121AB8059700498E2A /* build-debug.xcconfig in Resources */ = {isa = PBXBuildFile; fileRef = 3047A50F1AB8059700498E2A /* build-debug.xcconfig */; };
		3047A5131AB8059700498E2A /* build-release.xcconfig in Resources */ = {isa = PBXBuildFile; fileRef = 3047A5101AB8059700498E2A /* build-release.xcconfig */; };
		3047A5141AB8059700498E2A /* build.xcconfig in Resources */ = {isa = PBXBuildFile; fileRef = 3047A5111AB8059700498E2A /* build.xcconfig */; };
		3FC08E20AD4E48DDAA9ABC52 /* CDVBattery.m in Sources */ = {isa = PBXBuildFile; fileRef = 19619AABB417456BB4F23D3C /* CDVBattery.m */; };
		FEACF7264F3F478C8C1E0C2D /* UIImage+CropScaleOrientation.m in Sources */ = {isa = PBXBuildFile; fileRef = 13F0E06F56624ED09D4E903F /* UIImage+CropScaleOrientation.m */; };
		7A03A379954B44C0B2242332 /* CDVCamera.m in Sources */ = {isa = PBXBuildFile; fileRef = DD6BEF203E2541299BA272F6 /* CDVCamera.m */; };
		7411585E547A4BD7A67B5D6A /* CDVJpegHeaderWriter.m in Sources */ = {isa = PBXBuildFile; fileRef = 0A0EBF26DAF24CF98426629F /* CDVJpegHeaderWriter.m */; };
		A2C60A3734794C96ADC17267 /* ImageIO.framework in Frameworks */ = {isa = PBXBuildFile; fileRef = 230468634D744734A048F286 /* ImageIO.framework */; settings = {ATTRIBUTES = (Weak, ); }; };
		DE6F52A4ADF641DCA279E36A /* CoreLocation.framework in Frameworks */ = {isa = PBXBuildFile; fileRef = A8F5821BB3934E2CB0CC8E12 /* CoreLocation.framework */; };
		ACFB5D1D62E3421A97E1A98C /* AVFoundation.framework in Frameworks */ = {isa = PBXBuildFile; fileRef = D67B825073644B25A1E75EF2 /* AVFoundation.framework */; };
		128A254E978F4CE49B9D9D97 /* CDVLogger.m in Sources */ = {isa = PBXBuildFile; fileRef = 8087300983FD43729708EB05 /* CDVLogger.m */; };
		1015123EA96B4B518DC43C1C /* CDVContacts.m in Sources */ = {isa = PBXBuildFile; fileRef = 45316AE42A4447FE9F3A6196 /* CDVContacts.m */; };
		B9B879265FFA40FAB7336737 /* CDVContact.m in Sources */ = {isa = PBXBuildFile; fileRef = E3B3B96E176C47D9B284BE5F /* CDVContact.m */; };
		B9A60E591F3E45FD8BD26FD7 /* AddressBook.framework in Frameworks */ = {isa = PBXBuildFile; fileRef = F30FD755441B4431A5683E41 /* AddressBook.framework */; settings = {ATTRIBUTES = (Weak, ); }; };
		FD89C1FE479240F98C7FCF5C /* AddressBookUI.framework in Frameworks */ = {isa = PBXBuildFile; fileRef = D86152F2FF424643939073C9 /* AddressBookUI.framework */; settings = {ATTRIBUTES = (Weak, ); }; };
		9A204410DAA3426FB5833F8C /* CDVDevice.m in Sources */ = {isa = PBXBuildFile; fileRef = 84A958FFED044D1684A1DDA2 /* CDVDevice.m */; };
		C4B3C32711224BF4B41E2F29 /* CDVAccelerometer.m in Sources */ = {isa = PBXBuildFile; fileRef = 7F54841B2D2E4425A0E10B8C /* CDVAccelerometer.m */; };
		CBB003B083F94AD5A9D412BB /* CoreMotion.framework in Frameworks */ = {isa = PBXBuildFile; fileRef = D3B784D8E735432286709F7E /* CoreMotion.framework */; };
		27D33617FAD4489A8C001C24 /* CDVCompass.m in Sources */ = {isa = PBXBuildFile; fileRef = F047506F24044AE680B14DB5 /* CDVCompass.m */; };
		27E98DBE21854583BC1BC741 /* CDVNotification.m in Sources */ = {isa = PBXBuildFile; fileRef = 64021BDC50894297B848ABB4 /* CDVNotification.m */; };
		36CBF8CC0EE546E3B43C0ECB /* CDVNotification.bundle in Resources */ = {isa = PBXBuildFile; fileRef = ACB4F41EA8894040B1D064F6 /* CDVNotification.bundle */; };
		B874BEBF3F374FC8807840D2 /* AudioToolbox.framework in Frameworks */ = {isa = PBXBuildFile; fileRef = 841554A4746E47F49E25A4D9 /* AudioToolbox.framework */; settings = {ATTRIBUTES = (Weak, ); }; };
		72411236E52345149FEC804C /* CDVFile.m in Sources */ = {isa = PBXBuildFile; fileRef = DBA86223741343AE9B7FF832 /* CDVFile.m */; };
		23DF2CB04B34459F8C322E9B /* CDVLocalFilesystem.m in Sources */ = {isa = PBXBuildFile; fileRef = B2079323B0094A1B81D49162 /* CDVLocalFilesystem.m */; };
		2E5E017DDAA4429AA873FC51 /* CDVAssetLibraryFilesystem.m in Sources */ = {isa = PBXBuildFile; fileRef = 3D76E8A108674B9488525C12 /* CDVAssetLibraryFilesystem.m */; };
		E5B38424EB1F42AEB52DB89E /* CDVFileTransfer.m in Sources */ = {isa = PBXBuildFile; fileRef = CB6DF07B8BE548F1BB131389 /* CDVFileTransfer.m */; };
		44AB899F0CD342F791637935 /* CDVLocation.m in Sources */ = {isa = PBXBuildFile; fileRef = 7448F8957E1F4C9BA9FDE785 /* CDVLocation.m */; };
		923810988E554771B1FD67D9 /* CDVGlobalization.m in Sources */ = {isa = PBXBuildFile; fileRef = ADE86C49768E4B649C339D9B /* CDVGlobalization.m */; };
		1861D03D2761443997075A19 /* CDVInAppBrowser.m in Sources */ = {isa = PBXBuildFile; fileRef = ECC25502C0B64E119907FEE9 /* CDVInAppBrowser.m */; };
		93880FC7246642EF838156E0 /* CDVSound.m in Sources */ = {isa = PBXBuildFile; fileRef = 1438F421BEC24A3192488759 /* CDVSound.m */; };
		EB8E9417C53F4E8E86FA3244 /* CDVCapture.m in Sources */ = {isa = PBXBuildFile; fileRef = 0C31D44F88A04B1BA238D9E5 /* CDVCapture.m */; };
		E3287E941F5447D7B7B13060 /* CDVCapture.bundle in Resources */ = {isa = PBXBuildFile; fileRef = 9D10C7C02EB74C37AA547153 /* CDVCapture.bundle */; };
		A2E1929DC6BC4C208A7F5D03 /* CDVConnection.m in Sources */ = {isa = PBXBuildFile; fileRef = BE28331A4DFD48EEAF466AF3 /* CDVConnection.m */; };
		1031343330034300849EF5BA /* CDVReachability.m in Sources */ = {isa = PBXBuildFile; fileRef = DC53540EE8194BD09DE3ABFD /* CDVReachability.m */; };
		A0D6C110FE774145835D89FB /* SystemConfiguration.framework in Frameworks */ = {isa = PBXBuildFile; fileRef = C2F0A04B94964AFCA869BA53 /* SystemConfiguration.framework */; settings = {ATTRIBUTES = (Weak, ); }; };
		80D5E39E11844C67B83151F4 /* CoreTelephony.framework in Frameworks */ = {isa = PBXBuildFile; fileRef = 53B96E337A564D9E9CF52D04 /* CoreTelephony.framework */; };
		6C602DDD7E1C426496324266 /* CDVSplashScreen.m in Sources */ = {isa = PBXBuildFile; fileRef = 222295AB8FAC43C1BCCD7B38 /* CDVSplashScreen.m */; };
		795E5209C2A748DFAEA3B9CE /* CDVViewController+SplashScreen.m in Sources */ = {isa = PBXBuildFile; fileRef = 40A8580F593A4DCCB82F078E /* CDVViewController+SplashScreen.m */; };
		A420EC5B79A94D1CA6BF5AB0 /* CDVStatusBar.m in Sources */ = {isa = PBXBuildFile; fileRef = 5EEF5FFA3BA249369D600295 /* CDVStatusBar.m */; };
		7B72D7B3810A4A348E8E5126 /* CDVVibration.m in Sources */ = {isa = PBXBuildFile; fileRef = 05B2A531A7964035A3A13530 /* CDVVibration.m */; };
/* End PBXBuildFile section */

/* Begin PBXContainerItemProxy section */
		301BF534109A57CC0062928A /* PBXContainerItemProxy */ = {
			isa = PBXContainerItemProxy;
			containerPortal = 301BF52D109A57CC0062928A /* CordovaLib.xcodeproj */;
			proxyType = 2;
			remoteGlobalIDString = D2AAC07E0554694100DB518D;
			remoteInfo = CordovaLib;
		};
		301BF550109A68C00062928A /* PBXContainerItemProxy */ = {
			isa = PBXContainerItemProxy;
			containerPortal = 301BF52D109A57CC0062928A /* CordovaLib.xcodeproj */;
			proxyType = 1;
			remoteGlobalIDString = D2AAC07D0554694100DB518D;
			remoteInfo = CordovaLib;
		};
/* End PBXContainerItemProxy section */

/* Begin PBXFileReference section */
		0207DA571B56EA530066E2B4 /* Images.xcassets */ = {isa = PBXFileReference; lastKnownFileType = folder.assetcatalog; name = Images.xcassets; path = "PhonegapNote/Images.xcassets"; sourceTree = SOURCE_ROOT; };
		1D3623240D0F684500981E51 /* AppDelegate.h */ = {isa = PBXFileReference; fileEncoding = 4; lastKnownFileType = sourcecode.c.h; path = AppDelegate.h; sourceTree = "<group>"; };
		1D3623250D0F684500981E51 /* AppDelegate.m */ = {isa = PBXFileReference; fileEncoding = 4; lastKnownFileType = sourcecode.c.objc; path = AppDelegate.m; sourceTree = "<group>"; };
		1D6058910D05DD3D006BFB54 /* PhonegapNote.app */ = {isa = PBXFileReference; explicitFileType = wrapper.application; includeInIndex = 0; path = "PhonegapNote.app"; sourceTree = BUILT_PRODUCTS_DIR; };
		29B97316FDCFA39411CA2CEA /* main.m */ = {isa = PBXFileReference; fileEncoding = 4; lastKnownFileType = sourcecode.c.objc; path = main.m; sourceTree = "<group>"; };
		301BF52D109A57CC0062928A /* CordovaLib.xcodeproj */ = {isa = PBXFileReference; lastKnownFileType = "wrapper.pb-project"; name = CordovaLib.xcodeproj; path = CordovaLib/CordovaLib.xcodeproj; sourceTree = "<group>"; };
		301BF56E109A69640062928A /* www */ = {isa = PBXFileReference; lastKnownFileType = folder; path = www; sourceTree = SOURCE_ROOT; };
		302D95EE14D2391D003F00A1 /* MainViewController.h */ = {isa = PBXFileReference; fileEncoding = 4; lastKnownFileType = sourcecode.c.h; path = MainViewController.h; sourceTree = "<group>"; };
		302D95EF14D2391D003F00A1 /* MainViewController.m */ = {isa = PBXFileReference; fileEncoding = 4; lastKnownFileType = sourcecode.c.objc; path = MainViewController.m; sourceTree = "<group>"; };
		302D95F014D2391D003F00A1 /* MainViewController.xib */ = {isa = PBXFileReference; fileEncoding = 4; lastKnownFileType = file.xib; path = MainViewController.xib; sourceTree = "<group>"; };
		3047A50F1AB8059700498E2A /* build-debug.xcconfig */ = {isa = PBXFileReference; fileEncoding = 4; lastKnownFileType = text.xcconfig; name = "build-debug.xcconfig"; path = cordova/build-debug.xcconfig; sourceTree = SOURCE_ROOT; };
		3047A5101AB8059700498E2A /* build-release.xcconfig */ = {isa = PBXFileReference; fileEncoding = 4; lastKnownFileType = text.xcconfig; name = "build-release.xcconfig"; path = cordova/build-release.xcconfig; sourceTree = SOURCE_ROOT; };
		3047A5111AB8059700498E2A /* build.xcconfig */ = {isa = PBXFileReference; fileEncoding = 4; lastKnownFileType = text.xcconfig; name = build.xcconfig; path = cordova/build.xcconfig; sourceTree = SOURCE_ROOT; };
		32CA4F630368D1EE00C91783 /* PhonegapNote-Prefix.pch */ = {isa = PBXFileReference; fileEncoding = 4; lastKnownFileType = sourcecode.c.h; path = "PhonegapNote-Prefix.pch"; sourceTree = "<group>"; };
		8D1107310486CEB800E47090 /* PhonegapNote-Info.plist */ = {isa = PBXFileReference; fileEncoding = 4; lastKnownFileType = text.plist.xml; name = "PhonegapNote-Info.plist"; path = "PhonegapNote/PhonegapNote-Info.plist"; plistStructureDefinitionIdentifier = "com.apple.xcode.plist.structure-definition.iphone.info-plist"; sourceTree = SOURCE_ROOT; };
		EB87FDF31871DA8E0020F90C /* www */ = {isa = PBXFileReference; lastKnownFileType = folder; name = www; path = ../../www; sourceTree = "<group>"; };
		EB87FDF41871DAF40020F90C /* config.xml */ = {isa = PBXFileReference; lastKnownFileType = text.xml; name = config.xml; path = ../../config.xml; sourceTree = "<group>"; };
		F840E1F0165FE0F500CFE078 /* config.xml */ = {isa = PBXFileReference; lastKnownFileType = text.xml; name = config.xml; path = "PhonegapNote/config.xml"; sourceTree = "<group>"; };
		ED33DF2A687741AEAF9F8254 /* Bridging-Header.h */ = {isa = PBXFileReference; fileEncoding = 4; lastKnownFileType = sourcecode.c.h; name = "Bridging-Header.h"; path = "Bridging-Header.h"; sourceTree = "<group>"; };
		19619AABB417456BB4F23D3C /* CDVBattery.m */ = {isa = PBXFileReference; name = "CDVBattery.m"; path = "cordova-plugin-battery-status/CDVBattery.m"; sourceTree = "<group>"; fileEncoding = 4; lastKnownFileType = sourcecode.c.objc; explicitFileType = undefined; includeInIndex = 0; };
		010957425E00413CA7C574C2 /* CDVBattery.h */ = {isa = PBXFileReference; name = "CDVBattery.h"; path = "cordova-plugin-battery-status/CDVBattery.h"; sourceTree = "<group>"; fileEncoding = 4; lastKnownFileType = sourcecode.c.h; explicitFileType = undefined; includeInIndex = 0; };
		13F0E06F56624ED09D4E903F /* UIImage+CropScaleOrientation.m */ = {isa = PBXFileReference; name = "UIImage+CropScaleOrientation.m"; path = "cordova-plugin-camera/UIImage+CropScaleOrientation.m"; sourceTree = "<group>"; fileEncoding = 4; lastKnownFileType = sourcecode.c.objc; explicitFileType = undefined; includeInIndex = 0; };
		DD6BEF203E2541299BA272F6 /* CDVCamera.m */ = {isa = PBXFileReference; name = "CDVCamera.m"; path = "cordova-plugin-camera/CDVCamera.m"; sourceTree = "<group>"; fileEncoding = 4; lastKnownFileType = sourcecode.c.objc; explicitFileType = undefined; includeInIndex = 0; };
		0A0EBF26DAF24CF98426629F /* CDVJpegHeaderWriter.m */ = {isa = PBXFileReference; name = "CDVJpegHeaderWriter.m"; path = "cordova-plugin-camera/CDVJpegHeaderWriter.m"; sourceTree = "<group>"; fileEncoding = 4; lastKnownFileType = sourcecode.c.objc; explicitFileType = undefined; includeInIndex = 0; };
		042C5F2EF89E4E2FAE53BBD0 /* UIImage+CropScaleOrientation.h */ = {isa = PBXFileReference; name = "UIImage+CropScaleOrientation.h"; path = "cordova-plugin-camera/UIImage+CropScaleOrientation.h"; sourceTree = "<group>"; fileEncoding = 4; lastKnownFileType = sourcecode.c.h; explicitFileType = undefined; includeInIndex = 0; };
		F679451FCDFC47BFA24E50ED /* CDVCamera.h */ = {isa = PBXFileReference; name = "CDVCamera.h"; path = "cordova-plugin-camera/CDVCamera.h"; sourceTree = "<group>"; fileEncoding = 4; lastKnownFileType = sourcecode.c.h; explicitFileType = undefined; includeInIndex = 0; };
		D5E2E24B48844F73A444C5E0 /* CDVJpegHeaderWriter.h */ = {isa = PBXFileReference; name = "CDVJpegHeaderWriter.h"; path = "cordova-plugin-camera/CDVJpegHeaderWriter.h"; sourceTree = "<group>"; fileEncoding = 4; lastKnownFileType = sourcecode.c.h; explicitFileType = undefined; includeInIndex = 0; };
		EEBDB5DD58BB4637B7053581 /* CDVExif.h */ = {isa = PBXFileReference; name = "CDVExif.h"; path = "cordova-plugin-camera/CDVExif.h"; sourceTree = "<group>"; fileEncoding = 4; lastKnownFileType = sourcecode.c.h; explicitFileType = undefined; includeInIndex = 0; };
		230468634D744734A048F286 /* ImageIO.framework */ = {isa = PBXFileReference; name = "ImageIO.framework"; path = "System/Library/Frameworks/ImageIO.framework"; sourceTree = SDKROOT; fileEncoding = undefined; lastKnownFileType = wrapper.framework; explicitFileType = undefined; includeInIndex = 0; };
		A8F5821BB3934E2CB0CC8E12 /* CoreLocation.framework */ = {isa = PBXFileReference; name = "CoreLocation.framework"; path = "System/Library/Frameworks/CoreLocation.framework"; sourceTree = SDKROOT; fileEncoding = undefined; lastKnownFileType = wrapper.framework; explicitFileType = undefined; includeInIndex = 0; };
		D67B825073644B25A1E75EF2 /* AVFoundation.framework */ = {isa = PBXFileReference; name = "AVFoundation.framework"; path = "System/Library/Frameworks/AVFoundation.framework"; sourceTree = SDKROOT; fileEncoding = undefined; lastKnownFileType = wrapper.framework; explicitFileType = undefined; includeInIndex = 0; };
		8087300983FD43729708EB05 /* CDVLogger.m */ = {isa = PBXFileReference; name = "CDVLogger.m"; path = "cordova-plugin-console/CDVLogger.m"; sourceTree = "<group>"; fileEncoding = 4; lastKnownFileType = sourcecode.c.objc; explicitFileType = undefined; includeInIndex = 0; };
		088EEBEEEDC54DF48A459C7E /* CDVLogger.h */ = {isa = PBXFileReference; name = "CDVLogger.h"; path = "cordova-plugin-console/CDVLogger.h"; sourceTree = "<group>"; fileEncoding = 4; lastKnownFileType = sourcecode.c.h; explicitFileType = undefined; includeInIndex = 0; };
		45316AE42A4447FE9F3A6196 /* CDVContacts.m */ = {isa = PBXFileReference; name = "CDVContacts.m"; path = "cordova-plugin-contacts/CDVContacts.m"; sourceTree = "<group>"; fileEncoding = 4; lastKnownFileType = sourcecode.c.objc; explicitFileType = undefined; includeInIndex = 0; };
		E3B3B96E176C47D9B284BE5F /* CDVContact.m */ = {isa = PBXFileReference; name = "CDVContact.m"; path = "cordova-plugin-contacts/CDVContact.m"; sourceTree = "<group>"; fileEncoding = 4; lastKnownFileType = sourcecode.c.objc; explicitFileType = undefined; includeInIndex = 0; };
		FD8FC89BFDAC4BE79E1CC436 /* CDVContacts.h */ = {isa = PBXFileReference; name = "CDVContacts.h"; path = "cordova-plugin-contacts/CDVContacts.h"; sourceTree = "<group>"; fileEncoding = 4; lastKnownFileType = sourcecode.c.h; explicitFileType = undefined; includeInIndex = 0; };
		28E00E6FE54A4084AFECA08B /* CDVContact.h */ = {isa = PBXFileReference; name = "CDVContact.h"; path = "cordova-plugin-contacts/CDVContact.h"; sourceTree = "<group>"; fileEncoding = 4; lastKnownFileType = sourcecode.c.h; explicitFileType = undefined; includeInIndex = 0; };
		F30FD755441B4431A5683E41 /* AddressBook.framework */ = {isa = PBXFileReference; name = "AddressBook.framework"; path = "System/Library/Frameworks/AddressBook.framework"; sourceTree = SDKROOT; fileEncoding = undefined; lastKnownFileType = wrapper.framework; explicitFileType = undefined; includeInIndex = 0; };
		D86152F2FF424643939073C9 /* AddressBookUI.framework */ = {isa = PBXFileReference; name = "AddressBookUI.framework"; path = "System/Library/Frameworks/AddressBookUI.framework"; sourceTree = SDKROOT; fileEncoding = undefined; lastKnownFileType = wrapper.framework; explicitFileType = undefined; includeInIndex = 0; };
		84A958FFED044D1684A1DDA2 /* CDVDevice.m */ = {isa = PBXFileReference; name = "CDVDevice.m"; path = "cordova-plugin-device/CDVDevice.m"; sourceTree = "<group>"; fileEncoding = 4; lastKnownFileType = sourcecode.c.objc; explicitFileType = undefined; includeInIndex = 0; };
		A53EB17B54F543BE9A4BD12B /* CDVDevice.h */ = {isa = PBXFileReference; name = "CDVDevice.h"; path = "cordova-plugin-device/CDVDevice.h"; sourceTree = "<group>"; fileEncoding = 4; lastKnownFileType = sourcecode.c.h; explicitFileType = undefined; includeInIndex = 0; };
		7F54841B2D2E4425A0E10B8C /* CDVAccelerometer.m */ = {isa = PBXFileReference; name = "CDVAccelerometer.m"; path = "cordova-plugin-device-motion/CDVAccelerometer.m"; sourceTree = "<group>"; fileEncoding = 4; lastKnownFileType = sourcecode.c.objc; explicitFileType = undefined; includeInIndex = 0; };
		7A0C74AD010745AABD3227C4 /* CDVAccelerometer.h */ = {isa = PBXFileReference; name = "CDVAccelerometer.h"; path = "cordova-plugin-device-motion/CDVAccelerometer.h"; sourceTree = "<group>"; fileEncoding = 4; lastKnownFileType = sourcecode.c.h; explicitFileType = undefined; includeInIndex = 0; };
		D3B784D8E735432286709F7E /* CoreMotion.framework */ = {isa = PBXFileReference; name = "CoreMotion.framework"; path = "System/Library/Frameworks/CoreMotion.framework"; sourceTree = SDKROOT; fileEncoding = undefined; lastKnownFileType = wrapper.framework; explicitFileType = undefined; includeInIndex = 0; };
		F047506F24044AE680B14DB5 /* CDVCompass.m */ = {isa = PBXFileReference; name = "CDVCompass.m"; path = "cordova-plugin-device-orientation/CDVCompass.m"; sourceTree = "<group>"; fileEncoding = 4; lastKnownFileType = sourcecode.c.objc; explicitFileType = undefined; includeInIndex = 0; };
		3CAC1D101B9C4C80BFC01594 /* CDVCompass.h */ = {isa = PBXFileReference; name = "CDVCompass.h"; path = "cordova-plugin-device-orientation/CDVCompass.h"; sourceTree = "<group>"; fileEncoding = 4; lastKnownFileType = sourcecode.c.h; explicitFileType = undefined; includeInIndex = 0; };
		64021BDC50894297B848ABB4 /* CDVNotification.m */ = {isa = PBXFileReference; name = "CDVNotification.m"; path = "cordova-plugin-dialogs/CDVNotification.m"; sourceTree = "<group>"; fileEncoding = 4; lastKnownFileType = sourcecode.c.objc; explicitFileType = undefined; includeInIndex = 0; };
		818390E8AFD34688ACB43CF9 /* CDVNotification.h */ = {isa = PBXFileReference; name = "CDVNotification.h"; path = "cordova-plugin-dialogs/CDVNotification.h"; sourceTree = "<group>"; fileEncoding = 4; lastKnownFileType = sourcecode.c.h; explicitFileType = undefined; includeInIndex = 0; };
		ACB4F41EA8894040B1D064F6 /* CDVNotification.bundle */ = {isa = PBXFileReference; name = "CDVNotification.bundle"; path = "CDVNotification.bundle"; sourceTree = "<group>"; fileEncoding = undefined; lastKnownFileType = wrapper.plug-in; explicitFileType = undefined; includeInIndex = 0; };
		841554A4746E47F49E25A4D9 /* AudioToolbox.framework */ = {isa = PBXFileReference; name = "AudioToolbox.framework"; path = "System/Library/Frameworks/AudioToolbox.framework"; sourceTree = SDKROOT; fileEncoding = undefined; lastKnownFileType = wrapper.framework; explicitFileType = undefined; includeInIndex = 0; };
		DBA86223741343AE9B7FF832 /* CDVFile.m */ = {isa = PBXFileReference; name = "CDVFile.m"; path = "cordova-plugin-file/CDVFile.m"; sourceTree = "<group>"; fileEncoding = 4; lastKnownFileType = sourcecode.c.objc; explicitFileType = undefined; includeInIndex = 0; };
		B2079323B0094A1B81D49162 /* CDVLocalFilesystem.m */ = {isa = PBXFileReference; name = "CDVLocalFilesystem.m"; path = "cordova-plugin-file/CDVLocalFilesystem.m"; sourceTree = "<group>"; fileEncoding = 4; lastKnownFileType = sourcecode.c.objc; explicitFileType = undefined; includeInIndex = 0; };
		3D76E8A108674B9488525C12 /* CDVAssetLibraryFilesystem.m */ = {isa = PBXFileReference; name = "CDVAssetLibraryFilesystem.m"; path = "cordova-plugin-file/CDVAssetLibraryFilesystem.m"; sourceTree = "<group>"; fileEncoding = 4; lastKnownFileType = sourcecode.c.objc; explicitFileType = undefined; includeInIndex = 0; };
		F2D9BB56F6A148C1A9F0F32A /* CDVFile.h */ = {isa = PBXFileReference; name = "CDVFile.h"; path = "cordova-plugin-file/CDVFile.h"; sourceTree = "<group>"; fileEncoding = 4; lastKnownFileType = sourcecode.c.h; explicitFileType = undefined; includeInIndex = 0; };
		76801A2C1034456094A13840 /* CDVLocalFilesystem.h */ = {isa = PBXFileReference; name = "CDVLocalFilesystem.h"; path = "cordova-plugin-file/CDVLocalFilesystem.h"; sourceTree = "<group>"; fileEncoding = 4; lastKnownFileType = sourcecode.c.h; explicitFileType = undefined; includeInIndex = 0; };
		22B7A56EEB8746DC9A45E63A /* CDVAssetLibraryFilesystem.h */ = {isa = PBXFileReference; name = "CDVAssetLibraryFilesystem.h"; path = "cordova-plugin-file/CDVAssetLibraryFilesystem.h"; sourceTree = "<group>"; fileEncoding = 4; lastKnownFileType = sourcecode.c.h; explicitFileType = undefined; includeInIndex = 0; };
		CB6DF07B8BE548F1BB131389 /* CDVFileTransfer.m */ = {isa = PBXFileReference; name = "CDVFileTransfer.m"; path = "cordova-plugin-file-transfer/CDVFileTransfer.m"; sourceTree = "<group>"; fileEncoding = 4; lastKnownFileType = sourcecode.c.objc; explicitFileType = undefined; includeInIndex = 0; };
		08C3BE6115F2465FBA1CAD63 /* CDVFileTransfer.h */ = {isa = PBXFileReference; name = "CDVFileTransfer.h"; path = "cordova-plugin-file-transfer/CDVFileTransfer.h"; sourceTree = "<group>"; fileEncoding = 4; lastKnownFileType = sourcecode.c.h; explicitFileType = undefined; includeInIndex = 0; };
		7448F8957E1F4C9BA9FDE785 /* CDVLocation.m */ = {isa = PBXFileReference; name = "CDVLocation.m"; path = "cordova-plugin-geolocation/CDVLocation.m"; sourceTree = "<group>"; fileEncoding = 4; lastKnownFileType = sourcecode.c.objc; explicitFileType = undefined; includeInIndex = 0; };
		1119EFD96333487E95BB758C /* CDVLocation.h */ = {isa = PBXFileReference; name = "CDVLocation.h"; path = "cordova-plugin-geolocation/CDVLocation.h"; sourceTree = "<group>"; fileEncoding = 4; lastKnownFileType = sourcecode.c.h; explicitFileType = undefined; includeInIndex = 0; };
		ADE86C49768E4B649C339D9B /* CDVGlobalization.m */ = {isa = PBXFileReference; name = "CDVGlobalization.m"; path = "cordova-plugin-globalization/CDVGlobalization.m"; sourceTree = "<group>"; fileEncoding = 4; lastKnownFileType = sourcecode.c.objc; explicitFileType = undefined; includeInIndex = 0; };
		0C96BDCC63D64F2FB8B7E7FE /* CDVGlobalization.h */ = {isa = PBXFileReference; name = "CDVGlobalization.h"; path = "cordova-plugin-globalization/CDVGlobalization.h"; sourceTree = "<group>"; fileEncoding = 4; lastKnownFileType = sourcecode.c.h; explicitFileType = undefined; includeInIndex = 0; };
		ECC25502C0B64E119907FEE9 /* CDVInAppBrowser.m */ = {isa = PBXFileReference; name = "CDVInAppBrowser.m"; path = "cordova-plugin-inappbrowser/CDVInAppBrowser.m"; sourceTree = "<group>"; fileEncoding = 4; lastKnownFileType = sourcecode.c.objc; explicitFileType = undefined; includeInIndex = 0; };
		3E358FEB5AED48CF9E1D06B8 /* CDVInAppBrowser.h */ = {isa = PBXFileReference; name = "CDVInAppBrowser.h"; path = "cordova-plugin-inappbrowser/CDVInAppBrowser.h"; sourceTree = "<group>"; fileEncoding = 4; lastKnownFileType = sourcecode.c.h; explicitFileType = undefined; includeInIndex = 0; };
		1438F421BEC24A3192488759 /* CDVSound.m */ = {isa = PBXFileReference; name = "CDVSound.m"; path = "cordova-plugin-media/CDVSound.m"; sourceTree = "<group>"; fileEncoding = 4; lastKnownFileType = sourcecode.c.objc; explicitFileType = undefined; includeInIndex = 0; };
		261D5D64E4E7479D9FB932AF /* CDVSound.h */ = {isa = PBXFileReference; name = "CDVSound.h"; path = "cordova-plugin-media/CDVSound.h"; sourceTree = "<group>"; fileEncoding = 4; lastKnownFileType = sourcecode.c.h; explicitFileType = undefined; includeInIndex = 0; };
		0C31D44F88A04B1BA238D9E5 /* CDVCapture.m */ = {isa = PBXFileReference; name = "CDVCapture.m"; path = "cordova-plugin-media-capture/CDVCapture.m"; sourceTree = "<group>"; fileEncoding = 4; lastKnownFileType = sourcecode.c.objc; explicitFileType = undefined; includeInIndex = 0; };
		743866A59E9047D79B8C59FE /* CDVCapture.h */ = {isa = PBXFileReference; name = "CDVCapture.h"; path = "cordova-plugin-media-capture/CDVCapture.h"; sourceTree = "<group>"; fileEncoding = 4; lastKnownFileType = sourcecode.c.h; explicitFileType = undefined; includeInIndex = 0; };
		9D10C7C02EB74C37AA547153 /* CDVCapture.bundle */ = {isa = PBXFileReference; name = "CDVCapture.bundle"; path = "CDVCapture.bundle"; sourceTree = "<group>"; fileEncoding = undefined; lastKnownFileType = wrapper.plug-in; explicitFileType = undefined; includeInIndex = 0; };
		BE28331A4DFD48EEAF466AF3 /* CDVConnection.m */ = {isa = PBXFileReference; name = "CDVConnection.m"; path = "cordova-plugin-network-information/CDVConnection.m"; sourceTree = "<group>"; fileEncoding = 4; lastKnownFileType = sourcecode.c.objc; explicitFileType = undefined; includeInIndex = 0; };
		DC53540EE8194BD09DE3ABFD /* CDVReachability.m */ = {isa = PBXFileReference; name = "CDVReachability.m"; path = "cordova-plugin-network-information/CDVReachability.m"; sourceTree = "<group>"; fileEncoding = 4; lastKnownFileType = sourcecode.c.objc; explicitFileType = undefined; includeInIndex = 0; };
		8865CB67C2344EAB81172DD2 /* CDVConnection.h */ = {isa = PBXFileReference; name = "CDVConnection.h"; path = "cordova-plugin-network-information/CDVConnection.h"; sourceTree = "<group>"; fileEncoding = 4; lastKnownFileType = sourcecode.c.h; explicitFileType = undefined; includeInIndex = 0; };
		DC98F60608374782B782B689 /* CDVReachability.h */ = {isa = PBXFileReference; name = "CDVReachability.h"; path = "cordova-plugin-network-information/CDVReachability.h"; sourceTree = "<group>"; fileEncoding = 4; lastKnownFileType = sourcecode.c.h; explicitFileType = undefined; includeInIndex = 0; };
		C2F0A04B94964AFCA869BA53 /* SystemConfiguration.framework */ = {isa = PBXFileReference; name = "SystemConfiguration.framework"; path = "System/Library/Frameworks/SystemConfiguration.framework"; sourceTree = SDKROOT; fileEncoding = undefined; lastKnownFileType = wrapper.framework; explicitFileType = undefined; includeInIndex = 0; };
		53B96E337A564D9E9CF52D04 /* CoreTelephony.framework */ = {isa = PBXFileReference; name = "CoreTelephony.framework"; path = "System/Library/Frameworks/CoreTelephony.framework"; sourceTree = SDKROOT; fileEncoding = undefined; lastKnownFileType = wrapper.framework; explicitFileType = undefined; includeInIndex = 0; };
		222295AB8FAC43C1BCCD7B38 /* CDVSplashScreen.m */ = {isa = PBXFileReference; name = "CDVSplashScreen.m"; path = "cordova-plugin-splashscreen/CDVSplashScreen.m"; sourceTree = "<group>"; fileEncoding = 4; lastKnownFileType = sourcecode.c.objc; explicitFileType = undefined; includeInIndex = 0; };
		40A8580F593A4DCCB82F078E /* CDVViewController+SplashScreen.m */ = {isa = PBXFileReference; name = "CDVViewController+SplashScreen.m"; path = "cordova-plugin-splashscreen/CDVViewController+SplashScreen.m"; sourceTree = "<group>"; fileEncoding = 4; lastKnownFileType = sourcecode.c.objc; explicitFileType = undefined; includeInIndex = 0; };
		D258924012634C2AA56AED19 /* CDVSplashScreen.h */ = {isa = PBXFileReference; name = "CDVSplashScreen.h"; path = "cordova-plugin-splashscreen/CDVSplashScreen.h"; sourceTree = "<group>"; fileEncoding = 4; lastKnownFileType = sourcecode.c.h; explicitFileType = undefined; includeInIndex = 0; };
		13EB2F053BBB4B83B4AAAC73 /* CDVViewController+SplashScreen.h */ = {isa = PBXFileReference; name = "CDVViewController+SplashScreen.h"; path = "cordova-plugin-splashscreen/CDVViewController+SplashScreen.h"; sourceTree = "<group>"; fileEncoding = 4; lastKnownFileType = sourcecode.c.h; explicitFileType = undefined; includeInIndex = 0; };
		5EEF5FFA3BA249369D600295 /* CDVStatusBar.m */ = {isa = PBXFileReference; name = "CDVStatusBar.m"; path = "cordova-plugin-statusbar/CDVStatusBar.m"; sourceTree = "<group>"; fileEncoding = 4; lastKnownFileType = sourcecode.c.objc; explicitFileType = undefined; includeInIndex = 0; };
		0F328555407C412F95D3EEF1 /* CDVStatusBar.h */ = {isa = PBXFileReference; name = "CDVStatusBar.h"; path = "cordova-plugin-statusbar/CDVStatusBar.h"; sourceTree = "<group>"; fileEncoding = 4; lastKnownFileType = sourcecode.c.h; explicitFileType = undefined; includeInIndex = 0; };
		05B2A531A7964035A3A13530 /* CDVVibration.m */ = {isa = PBXFileReference; name = "CDVVibration.m"; path = "cordova-plugin-vibration/CDVVibration.m"; sourceTree = "<group>"; fileEncoding = 4; lastKnownFileType = sourcecode.c.objc; explicitFileType = undefined; includeInIndex = 0; };
		E68375FC27C4476F9DB77E77 /* CDVVibration.h */ = {isa = PBXFileReference; name = "CDVVibration.h"; path = "cordova-plugin-vibration/CDVVibration.h"; sourceTree = "<group>"; fileEncoding = 4; lastKnownFileType = sourcecode.c.h; explicitFileType = undefined; includeInIndex = 0; };
/* End PBXFileReference section */

/* Begin PBXFrameworksBuildPhase section */
		1D60588F0D05DD3D006BFB54 /* Frameworks */ = {
			isa = PBXFrameworksBuildPhase;
			buildActionMask = 2147483647;
			files = (
				301BF552109A68D80062928A /* libCordova.a in Frameworks */,
				A2C60A3734794C96ADC17267 /* ImageIO.framework in Frameworks */,
				DE6F52A4ADF641DCA279E36A /* CoreLocation.framework in Frameworks */,
				ACFB5D1D62E3421A97E1A98C /* AVFoundation.framework in Frameworks */,
				B9A60E591F3E45FD8BD26FD7 /* AddressBook.framework in Frameworks */,
				FD89C1FE479240F98C7FCF5C /* AddressBookUI.framework in Frameworks */,
				CBB003B083F94AD5A9D412BB /* CoreMotion.framework in Frameworks */,
				B874BEBF3F374FC8807840D2 /* AudioToolbox.framework in Frameworks */,
				A0D6C110FE774145835D89FB /* SystemConfiguration.framework in Frameworks */,
				80D5E39E11844C67B83151F4 /* CoreTelephony.framework in Frameworks */,
			);
			runOnlyForDeploymentPostprocessing = 0;
		};
/* End PBXFrameworksBuildPhase section */

/* Begin PBXGroup section */
		080E96DDFE201D6D7F000001 /* Classes */ = {
			isa = PBXGroup;
			children = (
				302D95EE14D2391D003F00A1 /* MainViewController.h */,
				302D95EF14D2391D003F00A1 /* MainViewController.m */,
				302D95F014D2391D003F00A1 /* MainViewController.xib */,
				1D3623240D0F684500981E51 /* AppDelegate.h */,
				1D3623250D0F684500981E51 /* AppDelegate.m */,
			);
			name = Classes;
			path = "PhonegapNote/Classes";
			sourceTree = SOURCE_ROOT;
		};
		19C28FACFE9D520D11CA2CBB /* Products */ = {
			isa = PBXGroup;
			children = (
				1D6058910D05DD3D006BFB54 /* PhonegapNote.app */,
			);
			name = Products;
			sourceTree = "<group>";
		};
		29B97314FDCFA39411CA2CEA /* CustomTemplate */ = {
			isa = PBXGroup;
			children = (
				EB87FDF41871DAF40020F90C /* config.xml */,
				EB87FDF31871DA8E0020F90C /* www */,
				EB87FDF11871DA420020F90C /* Staging */,
				301BF52D109A57CC0062928A /* CordovaLib.xcodeproj */,
				080E96DDFE201D6D7F000001 /* Classes */,
				307C750510C5A3420062BCA9 /* Plugins */,
				29B97315FDCFA39411CA2CEA /* Other Sources */,
				29B97317FDCFA39411CA2CEA /* Resources */,
				29B97323FDCFA39411CA2CEA /* Frameworks */,
				19C28FACFE9D520D11CA2CBB /* Products */,
			);
			name = CustomTemplate;
			sourceTree = "<group>";
		};
		29B97315FDCFA39411CA2CEA /* Other Sources */ = {
			isa = PBXGroup;
			children = (
				32CA4F630368D1EE00C91783 /* PhonegapNote-Prefix.pch */,
				29B97316FDCFA39411CA2CEA /* main.m */,
				ED33DF2A687741AEAF9F8254 /* Bridging-Header.h */,
			);
			name = "Other Sources";
			path = "PhonegapNote";
			sourceTree = "<group>";
		};
		29B97317FDCFA39411CA2CEA /* Resources */ = {
			isa = PBXGroup;
			children = (
				0207DA571B56EA530066E2B4 /* Images.xcassets */,
				3047A50E1AB8057F00498E2A /* config */,
				8D1107310486CEB800E47090 /* PhonegapNote-Info.plist */,
				ACB4F41EA8894040B1D064F6 /* CDVNotification.bundle */,
				9D10C7C02EB74C37AA547153 /* CDVCapture.bundle */,
			);
			name = Resources;
			path = "PhonegapNote/Resources";
			sourceTree = "<group>";
		};
		29B97323FDCFA39411CA2CEA /* Frameworks */ = {
			isa = PBXGroup;
			children = (
				230468634D744734A048F286 /* ImageIO.framework */,
				A8F5821BB3934E2CB0CC8E12 /* CoreLocation.framework */,
				D67B825073644B25A1E75EF2 /* AVFoundation.framework */,
				F30FD755441B4431A5683E41 /* AddressBook.framework */,
				D86152F2FF424643939073C9 /* AddressBookUI.framework */,
				D3B784D8E735432286709F7E /* CoreMotion.framework */,
				841554A4746E47F49E25A4D9 /* AudioToolbox.framework */,
				C2F0A04B94964AFCA869BA53 /* SystemConfiguration.framework */,
				53B96E337A564D9E9CF52D04 /* CoreTelephony.framework */,
			);
			name = Frameworks;
			sourceTree = "<group>";
		};
		301BF52E109A57CC0062928A /* Products */ = {
			isa = PBXGroup;
			children = (
				301BF535109A57CC0062928A /* libCordova.a */,
			);
			name = Products;
			sourceTree = "<group>";
		};
		3047A50E1AB8057F00498E2A /* config */ = {
			isa = PBXGroup;
			children = (
				3047A50F1AB8059700498E2A /* build-debug.xcconfig */,
				3047A5101AB8059700498E2A /* build-release.xcconfig */,
				3047A5111AB8059700498E2A /* build.xcconfig */,
			);
			name = config;
			sourceTree = "<group>";
		};
		307C750510C5A3420062BCA9 /* Plugins */ = {
			isa = PBXGroup;
			children = (
				19619AABB417456BB4F23D3C /* CDVBattery.m */,
				010957425E00413CA7C574C2 /* CDVBattery.h */,
				13F0E06F56624ED09D4E903F /* UIImage+CropScaleOrientation.m */,
				DD6BEF203E2541299BA272F6 /* CDVCamera.m */,
				0A0EBF26DAF24CF98426629F /* CDVJpegHeaderWriter.m */,
				042C5F2EF89E4E2FAE53BBD0 /* UIImage+CropScaleOrientation.h */,
				F679451FCDFC47BFA24E50ED /* CDVCamera.h */,
				D5E2E24B48844F73A444C5E0 /* CDVJpegHeaderWriter.h */,
				EEBDB5DD58BB4637B7053581 /* CDVExif.h */,
				8087300983FD43729708EB05 /* CDVLogger.m */,
				088EEBEEEDC54DF48A459C7E /* CDVLogger.h */,
				45316AE42A4447FE9F3A6196 /* CDVContacts.m */,
				E3B3B96E176C47D9B284BE5F /* CDVContact.m */,
				FD8FC89BFDAC4BE79E1CC436 /* CDVContacts.h */,
				28E00E6FE54A4084AFECA08B /* CDVContact.h */,
				84A958FFED044D1684A1DDA2 /* CDVDevice.m */,
				A53EB17B54F543BE9A4BD12B /* CDVDevice.h */,
				7F54841B2D2E4425A0E10B8C /* CDVAccelerometer.m */,
				7A0C74AD010745AABD3227C4 /* CDVAccelerometer.h */,
				F047506F24044AE680B14DB5 /* CDVCompass.m */,
				3CAC1D101B9C4C80BFC01594 /* CDVCompass.h */,
				64021BDC50894297B848ABB4 /* CDVNotification.m */,
				818390E8AFD34688ACB43CF9 /* CDVNotification.h */,
				DBA86223741343AE9B7FF832 /* CDVFile.m */,
				B2079323B0094A1B81D49162 /* CDVLocalFilesystem.m */,
				3D76E8A108674B9488525C12 /* CDVAssetLibraryFilesystem.m */,
				F2D9BB56F6A148C1A9F0F32A /* CDVFile.h */,
				76801A2C1034456094A13840 /* CDVLocalFilesystem.h */,
				22B7A56EEB8746DC9A45E63A /* CDVAssetLibraryFilesystem.h */,
				CB6DF07B8BE548F1BB131389 /* CDVFileTransfer.m */,
				08C3BE6115F2465FBA1CAD63 /* CDVFileTransfer.h */,
				7448F8957E1F4C9BA9FDE785 /* CDVLocation.m */,
				1119EFD96333487E95BB758C /* CDVLocation.h */,
				ADE86C49768E4B649C339D9B /* CDVGlobalization.m */,
				0C96BDCC63D64F2FB8B7E7FE /* CDVGlobalization.h */,
				ECC25502C0B64E119907FEE9 /* CDVInAppBrowser.m */,
				3E358FEB5AED48CF9E1D06B8 /* CDVInAppBrowser.h */,
				1438F421BEC24A3192488759 /* CDVSound.m */,
				261D5D64E4E7479D9FB932AF /* CDVSound.h */,
				0C31D44F88A04B1BA238D9E5 /* CDVCapture.m */,
				743866A59E9047D79B8C59FE /* CDVCapture.h */,
				BE28331A4DFD48EEAF466AF3 /* CDVConnection.m */,
				DC53540EE8194BD09DE3ABFD /* CDVReachability.m */,
				8865CB67C2344EAB81172DD2 /* CDVConnection.h */,
				DC98F60608374782B782B689 /* CDVReachability.h */,
				222295AB8FAC43C1BCCD7B38 /* CDVSplashScreen.m */,
				40A8580F593A4DCCB82F078E /* CDVViewController+SplashScreen.m */,
				D258924012634C2AA56AED19 /* CDVSplashScreen.h */,
				13EB2F053BBB4B83B4AAAC73 /* CDVViewController+SplashScreen.h */,
				5EEF5FFA3BA249369D600295 /* CDVStatusBar.m */,
				0F328555407C412F95D3EEF1 /* CDVStatusBar.h */,
				05B2A531A7964035A3A13530 /* CDVVibration.m */,
				E68375FC27C4476F9DB77E77 /* CDVVibration.h */,
			);
			name = Plugins;
			path = "PhonegapNote/Plugins";
			sourceTree = SOURCE_ROOT;
		};
		EB87FDF11871DA420020F90C /* Staging */ = {
			isa = PBXGroup;
			children = (
				F840E1F0165FE0F500CFE078 /* config.xml */,
				301BF56E109A69640062928A /* www */,
			);
			name = Staging;
			sourceTree = "<group>";
		};
/* End PBXGroup section */

/* Begin PBXNativeTarget section */
		1D6058900D05DD3D006BFB54 /* PhonegapNote */ = {
			isa = PBXNativeTarget;
			buildConfigurationList = 1D6058960D05DD3E006BFB54 /* Build configuration list for PBXNativeTarget "PhonegapNote" */;
			buildPhases = (
				304B58A110DAC018002A0835 /* Copy www directory */,
				1D60588D0D05DD3D006BFB54 /* Resources */,
				1D60588E0D05DD3D006BFB54 /* Sources */,
				1D60588F0D05DD3D006BFB54 /* Frameworks */,
			);
			buildRules = (
			);
			dependencies = (
				301BF551109A68C00062928A /* PBXTargetDependency */,
			);
			name = "PhonegapNote";
			productName = "PhonegapNote";
			productReference = 1D6058910D05DD3D006BFB54 /* PhonegapNote.app */;
			productType = "com.apple.product-type.application";
		};
/* End PBXNativeTarget section */

/* Begin PBXProject section */
		29B97313FDCFA39411CA2CEA /* Project object */ = {
			isa = PBXProject;
			attributes = {
				LastUpgradeCheck = 510;
			};
			buildConfigurationList = C01FCF4E08A954540054247B /* Build configuration list for PBXProject "__NON-CLI__" */;
			compatibilityVersion = "Xcode 3.2";
			developmentRegion = English;
			hasScannedForEncodings = 1;
			mainGroup = 29B97314FDCFA39411CA2CEA /* CustomTemplate */;
			projectDirPath = "";
			projectReferences = (
				{
					ProductGroup = 301BF52E109A57CC0062928A /* Products */;
					ProjectRef = 301BF52D109A57CC0062928A /* CordovaLib.xcodeproj */;
				},
			);
			projectRoot = "";
			targets = (
				1D6058900D05DD3D006BFB54 /* PhonegapNote */,
			);
		};
/* End PBXProject section */

/* Begin PBXReferenceProxy section */
		301BF535109A57CC0062928A /* libCordova.a */ = {
			isa = PBXReferenceProxy;
			fileType = archive.ar;
			path = libCordova.a;
			remoteRef = 301BF534109A57CC0062928A /* PBXContainerItemProxy */;
			sourceTree = BUILT_PRODUCTS_DIR;
		};
/* End PBXReferenceProxy section */

/* Begin PBXResourcesBuildPhase section */
		1D60588D0D05DD3D006BFB54 /* Resources */ = {
			isa = PBXResourcesBuildPhase;
			buildActionMask = 2147483647;
			files = (
				302D95F214D2391D003F00A1 /* MainViewController.xib in Resources */,
				3047A5131AB8059700498E2A /* build-release.xcconfig in Resources */,
				3047A5141AB8059700498E2A /* build.xcconfig in Resources */,
				0207DA581B56EA530066E2B4 /* Images.xcassets in Resources */,
				3047A5121AB8059700498E2A /* build-debug.xcconfig in Resources */,
				36CBF8CC0EE546E3B43C0ECB /* CDVNotification.bundle in Resources */,
				E3287E941F5447D7B7B13060 /* CDVCapture.bundle in Resources */,
			);
			runOnlyForDeploymentPostprocessing = 0;
		};
/* End PBXResourcesBuildPhase section */

/* Begin PBXShellScriptBuildPhase section */
		304B58A110DAC018002A0835 /* Copy www directory */ = {
			isa = PBXShellScriptBuildPhase;
			buildActionMask = 2147483647;
			files = (
			);
			inputPaths = (
			);
			name = "Copy www directory";
			outputPaths = (
			);
			runOnlyForDeploymentPostprocessing = 0;
			shellPath = /bin/sh;
			shellScript = "NODEJS_PATH=/usr/local/bin; NVM_NODE_PATH=~/.nvm/versions/node/`nvm version 2>/dev/null`/bin; N_NODE_PATH=`find /usr/local/n/versions/node/* -maxdepth 0 -type d 2>/dev/null | tail -1`/bin; XCODE_NODE_PATH=`xcode-select --print-path`/usr/share/xcs/Node/bin; PATH=$NODEJS_PATH:$NVM_NODE_PATH:$N_NODE_PATH:$XCODE_NODE_PATH:$PATH && node cordova/lib/copy-www-build-step.js";
			showEnvVarsInLog = 0;
		};
/* End PBXShellScriptBuildPhase section */

/* Begin PBXSourcesBuildPhase section */
		1D60588E0D05DD3D006BFB54 /* Sources */ = {
			isa = PBXSourcesBuildPhase;
			buildActionMask = 2147483647;
			files = (
				1D60589B0D05DD56006BFB54 /* main.m in Sources */,
				1D3623260D0F684500981E51 /* AppDelegate.m in Sources */,
				302D95F114D2391D003F00A1 /* MainViewController.m in Sources */,
				3FC08E20AD4E48DDAA9ABC52 /* CDVBattery.m in Sources */,
				FEACF7264F3F478C8C1E0C2D /* UIImage+CropScaleOrientation.m in Sources */,
				7A03A379954B44C0B2242332 /* CDVCamera.m in Sources */,
				7411585E547A4BD7A67B5D6A /* CDVJpegHeaderWriter.m in Sources */,
				128A254E978F4CE49B9D9D97 /* CDVLogger.m in Sources */,
				1015123EA96B4B518DC43C1C /* CDVContacts.m in Sources */,
				B9B879265FFA40FAB7336737 /* CDVContact.m in Sources */,
				9A204410DAA3426FB5833F8C /* CDVDevice.m in Sources */,
				C4B3C32711224BF4B41E2F29 /* CDVAccelerometer.m in Sources */,
				27D33617FAD4489A8C001C24 /* CDVCompass.m in Sources */,
				27E98DBE21854583BC1BC741 /* CDVNotification.m in Sources */,
				72411236E52345149FEC804C /* CDVFile.m in Sources */,
				23DF2CB04B34459F8C322E9B /* CDVLocalFilesystem.m in Sources */,
				2E5E017DDAA4429AA873FC51 /* CDVAssetLibraryFilesystem.m in Sources */,
				E5B38424EB1F42AEB52DB89E /* CDVFileTransfer.m in Sources */,
				44AB899F0CD342F791637935 /* CDVLocation.m in Sources */,
				923810988E554771B1FD67D9 /* CDVGlobalization.m in Sources */,
				1861D03D2761443997075A19 /* CDVInAppBrowser.m in Sources */,
				93880FC7246642EF838156E0 /* CDVSound.m in Sources */,
				EB8E9417C53F4E8E86FA3244 /* CDVCapture.m in Sources */,
				A2E1929DC6BC4C208A7F5D03 /* CDVConnection.m in Sources */,
				1031343330034300849EF5BA /* CDVReachability.m in Sources */,
				6C602DDD7E1C426496324266 /* CDVSplashScreen.m in Sources */,
				795E5209C2A748DFAEA3B9CE /* CDVViewController+SplashScreen.m in Sources */,
				A420EC5B79A94D1CA6BF5AB0 /* CDVStatusBar.m in Sources */,
				7B72D7B3810A4A348E8E5126 /* CDVVibration.m in Sources */,
			);
			runOnlyForDeploymentPostprocessing = 0;
		};
/* End PBXSourcesBuildPhase section */

/* Begin PBXTargetDependency section */
		301BF551109A68C00062928A /* PBXTargetDependency */ = {
			isa = PBXTargetDependency;
			name = CordovaLib;
			targetProxy = 301BF550109A68C00062928A /* PBXContainerItemProxy */;
		};
/* End PBXTargetDependency section */

/* Begin XCBuildConfiguration section */
		1D6058940D05DD3E006BFB54 /* Debug */ = {
			isa = XCBuildConfiguration;
			baseConfigurationReference = 3047A50F1AB8059700498E2A /* build-debug.xcconfig */;
			buildSettings = {
				ALWAYS_SEARCH_USER_PATHS = NO;
				ASSETCATALOG_COMPILER_APPICON_NAME = AppIcon;
				ASSETCATALOG_COMPILER_LAUNCHIMAGE_NAME = LaunchImage;
				CLANG_ENABLE_MODULES = YES;
				CLANG_ENABLE_OBJC_ARC = YES;
				COPY_PHASE_STRIP = NO;
				GCC_DYNAMIC_NO_PIC = NO;
				GCC_OPTIMIZATION_LEVEL = 0;
				GCC_PRECOMPILE_PREFIX_HEADER = YES;
				GCC_PREFIX_HEADER = "PhonegapNote/PhonegapNote-Prefix.pch";
				GCC_THUMB_SUPPORT = NO;
				GCC_VERSION = "";
				INFOPLIST_FILE = "PhonegapNote/PhonegapNote-Info.plist";
				LD_RUNPATH_SEARCH_PATHS = "@executable_path/Frameworks";
				PRODUCT_NAME = "PhonegapNote";
			};
			name = Debug;
		};
		1D6058950D05DD3E006BFB54 /* Release */ = {
			isa = XCBuildConfiguration;
			baseConfigurationReference = 3047A5101AB8059700498E2A /* build-release.xcconfig */;
			buildSettings = {
				ALWAYS_SEARCH_USER_PATHS = NO;
				ASSETCATALOG_COMPILER_APPICON_NAME = AppIcon;
				ASSETCATALOG_COMPILER_LAUNCHIMAGE_NAME = LaunchImage;
				CLANG_ENABLE_MODULES = YES;
				CLANG_ENABLE_OBJC_ARC = YES;
				COPY_PHASE_STRIP = YES;
				GCC_PRECOMPILE_PREFIX_HEADER = YES;
				GCC_PREFIX_HEADER = "PhonegapNote/PhonegapNote-Prefix.pch";
				GCC_THUMB_SUPPORT = NO;
				GCC_VERSION = "";
				INFOPLIST_FILE = "PhonegapNote/PhonegapNote-Info.plist";
				PRODUCT_NAME = "PhonegapNote";
			};
			name = Release;
		};
		C01FCF4F08A954540054247B /* Debug */ = {
			isa = XCBuildConfiguration;
			baseConfigurationReference = 3047A5111AB8059700498E2A /* build.xcconfig */;
			buildSettings = {
				CLANG_ENABLE_MODULES = YES;
				CLANG_ENABLE_OBJC_ARC = YES;
				CLANG_WARN_BOOL_CONVERSION = YES;
				CLANG_WARN_CONSTANT_CONVERSION = YES;
				CLANG_WARN_EMPTY_BODY = YES;
				CLANG_WARN_ENUM_CONVERSION = YES;
				CLANG_WARN_INT_CONVERSION = YES;
				CLANG_WARN__DUPLICATE_METHOD_MATCH = YES;
				GCC_C_LANGUAGE_STANDARD = c99;
				GCC_THUMB_SUPPORT = NO;
				GCC_VERSION = "";
				GCC_WARN_ABOUT_RETURN_TYPE = YES;
				GCC_WARN_UNDECLARED_SELECTOR = YES;
				GCC_WARN_UNINITIALIZED_AUTOS = YES;
				GCC_WARN_UNUSED_FUNCTION = YES;
				GCC_WARN_UNUSED_VARIABLE = YES;
				ONLY_ACTIVE_ARCH = YES;
				SDKROOT = iphoneos;
				SKIP_INSTALL = NO;
			};
			name = Debug;
		};
		C01FCF5008A954540054247B /* Release */ = {
			isa = XCBuildConfiguration;
			baseConfigurationReference = 3047A5111AB8059700498E2A /* build.xcconfig */;
			buildSettings = {
				CLANG_ENABLE_MODULES = YES;
				CLANG_ENABLE_OBJC_ARC = YES;
				CLANG_WARN_BOOL_CONVERSION = YES;
				CLANG_WARN_CONSTANT_CONVERSION = YES;
				CLANG_WARN_EMPTY_BODY = YES;
				CLANG_WARN_ENUM_CONVERSION = YES;
				CLANG_WARN_INT_CONVERSION = YES;
				CLANG_WARN__DUPLICATE_METHOD_MATCH = YES;
				GCC_C_LANGUAGE_STANDARD = c99;
				GCC_THUMB_SUPPORT = NO;
				GCC_VERSION = "";
				GCC_WARN_ABOUT_RETURN_TYPE = YES;
				GCC_WARN_UNDECLARED_SELECTOR = YES;
				GCC_WARN_UNINITIALIZED_AUTOS = YES;
				GCC_WARN_UNUSED_FUNCTION = YES;
				GCC_WARN_UNUSED_VARIABLE = YES;
				SDKROOT = iphoneos;
				SKIP_INSTALL = NO;
			};
			name = Release;
		};
/* End XCBuildConfiguration section */

/* Begin XCConfigurationList section */
		1D6058960D05DD3E006BFB54 /* Build configuration list for PBXNativeTarget "PhonegapNote" */ = {
			isa = XCConfigurationList;
			buildConfigurations = (
				1D6058940D05DD3E006BFB54 /* Debug */,
				1D6058950D05DD3E006BFB54 /* Release */,
			);
			defaultConfigurationIsVisible = 0;
			defaultConfigurationName = Release;
		};
		C01FCF4E08A954540054247B /* Build configuration list for PBXProject "__NON-CLI__" */ = {
			isa = XCConfigurationList;
			buildConfigurations = (
				C01FCF4F08A954540054247B /* Debug */,
				C01FCF5008A954540054247B /* Release */,
			);
			defaultConfigurationIsVisible = 0;
			defaultConfigurationName = Release;
		};
/* End XCConfigurationList section */
	};
	rootObject = 29B97313FDCFA39411CA2CEA /* Project object */;
}
